
Microsoft Visual Studio Solution File, Format Version 12.00
# Visual Studio Version 17
VisualStudioVersion = 17.10.35122.118
MinimumVisualStudioVersion = 10.0.40219.1
Project("{FAE04EC0-301F-11D3-BF4B-00C04F79EFBC}") = "api", "api.csproj", "{4E8970E6-14C1-4451-82DA-384FBC8BB45E}"
EndProject
Global
	GlobalSection(SolutionConfigurationPlatforms) = preSolution
		Debug|Any CPU = Debug|Any CPU
		Release|Any CPU = Release|Any CPU
	EndGlobalSection
	GlobalSection(ProjectConfigurationPlatforms) = postSolution
		{4E8970E6-14C1-4451-82DA-384FBC8BB45E}.Debug|Any CPU.ActiveCfg = Debug|Any CPU
		{4E8970E6-14C1-4451-82DA-384FBC8BB45E}.Debug|Any CPU.Build.0 = Debug|Any CPU
		{4E8970E6-14C1-4451-82DA-384FBC8BB45E}.Release|Any CPU.ActiveCfg = Release|Any CPU
		{4E8970E6-14C1-4451-82DA-384FBC8BB45E}.Release|Any CPU.Build.0 = Release|Any CPU
	EndGlobalSection
	GlobalSection(SolutionProperties) = preSolution
		HideSolutionNode = FALSE
	EndGlobalSection
	GlobalSection(ExtensibilityGlobals) = postSolution
		SolutionGuid = {88B5CEA9-EA8A-4E86-9E5E-8FEEB0DF69FD}
	EndGlobalSection
EndGlobal
